// !$*UTF8*$!
{
	archiveVersion = 1;
	classes = {
	};
	objectVersion = 77;
	objects = {

/* Begin PBXBuildFile section */
		FBCC61902DEBAC40007CAB1B /* Auth in Frameworks */ = {isa = PBXBuildFile; productRef = FBCC618F2DEBAC40007CAB1B /* Auth */; };
		FBCC61922DEBAC40007CAB1B /* Functions in Frameworks */ = {isa = PBXBuildFile; productRef = FBCC61912DEBAC40007CAB1B /* Functions */; };
		FBCC61942DEBAC40007CAB1B /* PostgREST in Frameworks */ = {isa = PBXBuildFile; productRef = FBCC61932DEBAC40007CAB1B /* PostgREST */; };
		FBCC61962DEBAC40007CAB1B /* Realtime in Frameworks */ = {isa = PBXBuildFile; productRef = FBCC61952DEBAC40007CAB1B /* Realtime */; };
		FBCC61982DEBAC40007CAB1B /* Storage in Frameworks */ = {isa = PBXBuildFile; productRef = FBCC61972DEBAC40007CAB1B /* Storage */; };
		FBCC619A2DEBAC40007CAB1B /* Supabase in Frameworks */ = {isa = PBXBuildFile; productRef = FBCC61992DEBAC40007CAB1B /* Supabase */; };
		FBF4EFF62DEBD5BC0099405C /* UploadScreentimeView.swift in Sources */ = {isa = PBXBuildFile; fileRef = FBF4EFF52DEBD5BC0099405C /* UploadScreentimeView.swift */; };
/* End PBXBuildFile section */

/* Begin PBXContainerItemProxy section */
		FBADBE6B2DCE9216009EA124 /* PBXContainerItemProxy */ = {
			isa = PBXContainerItemProxy;
			containerPortal = FBADBE552DCE9215009EA124 /* Project object */;
			proxyType = 1;
			remoteGlobalIDString = FBADBE5C2DCE9215009EA124;
			remoteInfo = flareup;
		};
		FBADBE752DCE9216009EA124 /* PBXContainerItemProxy */ = {
			isa = PBXContainerItemProxy;
			containerPortal = FBADBE552DCE9215009EA124 /* Project object */;
			proxyType = 1;
			remoteGlobalIDString = FBADBE5C2DCE9215009EA124;
			remoteInfo = flareup;
		};
/* End PBXContainerItemProxy section */

/* Begin PBXFileReference section */
		FBADBE5D2DCE9215009EA124 /* flareup.app */ = {isa = PBXFileReference; explicitFileType = wrapper.application; includeInIndex = 0; path = flareup.app; sourceTree = BUILT_PRODUCTS_DIR; };
		FBADBE6A2DCE9216009EA124 /* flareupTests.xctest */ = {isa = PBXFileReference; explicitFileType = wrapper.cfbundle; includeInIndex = 0; path = flareupTests.xctest; sourceTree = BUILT_PRODUCTS_DIR; };
		FBADBE742DCE9216009EA124 /* flareupUITests.xctest */ = {isa = PBXFileReference; explicitFileType = wrapper.cfbundle; includeInIndex = 0; path = flareupUITests.xctest; sourceTree = BUILT_PRODUCTS_DIR; };
		FBF4EFF52DEBD5BC0099405C /* UploadScreentimeView.swift */ = {isa = PBXFileReference; lastKnownFileType = sourcecode.swift; path = UploadScreentimeView.swift; sourceTree = "<group>"; };
/* End PBXFileReference section */

/* Begin PBXFileSystemSynchronizedBuildFileExceptionSet section */
		FBADBF002DD7DBE7009EA124 /* Exceptions for "flareup" folder in "flareup" target */ = {
			isa = PBXFileSystemSynchronizedBuildFileExceptionSet;
			membershipExceptions = (
				Info.plist,
			);
			target = FBADBE5C2DCE9215009EA124 /* flareup */;
		};
/* End PBXFileSystemSynchronizedBuildFileExceptionSet section */

/* Begin PBXFileSystemSynchronizedRootGroup section */
		FBADBE5F2DCE9215009EA124 /* flareup */ = {
			isa = PBXFileSystemSynchronizedRootGroup;
			exceptions = (
				FBADBF002DD7DBE7009EA124 /* Exceptions for "flareup" folder in "flareup" target */,
			);
			path = flareup;
			sourceTree = "<group>";
		};
		FBADBE6D2DCE9216009EA124 /* flareupTests */ = {
			isa = PBXFileSystemSynchronizedRootGroup;
			path = flareupTests;
			sourceTree = "<group>";
		};
		FBADBE772DCE9216009EA124 /* flareupUITests */ = {
			isa = PBXFileSystemSynchronizedRootGroup;
			path = flareupUITests;
			sourceTree = "<group>";
		};
/* End PBXFileSystemSynchronizedRootGroup section */

/* Begin PBXFrameworksBuildPhase section */
		FBADBE5A2DCE9215009EA124 /* Frameworks */ = {
			isa = PBXFrameworksBuildPhase;
			buildActionMask = 2147483647;
			files = (
				FBCC61942DEBAC40007CAB1B /* PostgREST in Frameworks */,
				FBCC61922DEBAC40007CAB1B /* Functions in Frameworks */,
				FBCC619A2DEBAC40007CAB1B /* Supabase in Frameworks */,
				FBCC61902DEBAC40007CAB1B /* Auth in Frameworks */,
				FBCC61982DEBAC40007CAB1B /* Storage in Frameworks */,
				FBCC61962DEBAC40007CAB1B /* Realtime in Frameworks */,
			);
			runOnlyForDeploymentPostprocessing = 0;
		};
		FBADBE672DCE9216009EA124 /* Frameworks */ = {
			isa = PBXFrameworksBuildPhase;
			buildActionMask = 2147483647;
			files = (
			);
			runOnlyForDeploymentPostprocessing = 0;
		};
		FBADBE712DCE9216009EA124 /* Frameworks */ = {
			isa = PBXFrameworksBuildPhase;
			buildActionMask = 2147483647;
			files = (
			);
			runOnlyForDeploymentPostprocessing = 0;
		};
/* End PBXFrameworksBuildPhase section */

/* Begin PBXGroup section */
		FBADBE542DCE9215009EA124 = {
			isa = PBXGroup;
			children = (
				FBF4EFF52DEBD5BC0099405C /* UploadScreentimeView.swift */,
				FBADBE5F2DCE9215009EA124 /* flareup */,
				FBADBE6D2DCE9216009EA124 /* flareupTests */,
				FBADBE772DCE9216009EA124 /* flareupUITests */,
				FBADBE5E2DCE9215009EA124 /* Products */,
			);
			sourceTree = "<group>";
		};
		FBADBE5E2DCE9215009EA124 /* Products */ = {
			isa = PBXGroup;
			children = (
				FBADBE5D2DCE9215009EA124 /* flareup.app */,
				FBADBE6A2DCE9216009EA124 /* flareupTests.xctest */,
				FBADBE742DCE9216009EA124 /* flareupUITests.xctest */,
			);
			name = Products;
			sourceTree = "<group>";
		};
/* End PBXGroup section */

/* Begin PBXNativeTarget section */
		FBADBE5C2DCE9215009EA124 /* flareup */ = {
			isa = PBXNativeTarget;
			buildConfigurationList = FBADBE7E2DCE9216009EA124 /* Build configuration list for PBXNativeTarget "flareup" */;
			buildPhases = (
				FBADBE592DCE9215009EA124 /* Sources */,
				FBADBE5A2DCE9215009EA124 /* Frameworks */,
				FBADBE5B2DCE9215009EA124 /* Resources */,
			);
			buildRules = (
			);
			dependencies = (
			);
			fileSystemSynchronizedGroups = (
				FBADBE5F2DCE9215009EA124 /* flareup */,
			);
			name = flareup;
			packageProductDependencies = (
				FBCC618F2DEBAC40007CAB1B /* Auth */,
				FBCC61912DEBAC40007CAB1B /* Functions */,
				FBCC61932DEBAC40007CAB1B /* PostgREST */,
				FBCC61952DEBAC40007CAB1B /* Realtime */,
				FBCC61972DEBAC40007CAB1B /* Storage */,
				FBCC61992DEBAC40007CAB1B /* Supabase */,
			);
			productName = flareup;
			productReference = FBADBE5D2DCE9215009EA124 /* flareup.app */;
			productType = "com.apple.product-type.application";
		};
		FBADBE692DCE9216009EA124 /* flareupTests */ = {
			isa = PBXNativeTarget;
			buildConfigurationList = FBADBE812DCE9216009EA124 /* Build configuration list for PBXNativeTarget "flareupTests" */;
			buildPhases = (
				FBADBE662DCE9216009EA124 /* Sources */,
				FBADBE672DCE9216009EA124 /* Frameworks */,
				FBADBE682DCE9216009EA124 /* Resources */,
			);
			buildRules = (
			);
			dependencies = (
				FBADBE6C2DCE9216009EA124 /* PBXTargetDependency */,
			);
			fileSystemSynchronizedGroups = (
				FBADBE6D2DCE9216009EA124 /* flareupTests */,
			);
			name = flareupTests;
			packageProductDependencies = (
			);
			productName = flareupTests;
			productReference = FBADBE6A2DCE9216009EA124 /* flareupTests.xctest */;
			productType = "com.apple.product-type.bundle.unit-test";
		};
		FBADBE732DCE9216009EA124 /* flareupUITests */ = {
			isa = PBXNativeTarget;
			buildConfigurationList = FBADBE842DCE9216009EA124 /* Build configuration list for PBXNativeTarget "flareupUITests" */;
			buildPhases = (
				FBADBE702DCE9216009EA124 /* Sources */,
				FBADBE712DCE9216009EA124 /* Frameworks */,
				FBADBE722DCE9216009EA124 /* Resources */,
			);
			buildRules = (
			);
			dependencies = (
				FBADBE762DCE9216009EA124 /* PBXTargetDependency */,
			);
			fileSystemSynchronizedGroups = (
				FBADBE772DCE9216009EA124 /* flareupUITests */,
			);
			name = flareupUITests;
			packageProductDependencies = (
			);
			productName = flareupUITests;
			productReference = FBADBE742DCE9216009EA124 /* flareupUITests.xctest */;
			productType = "com.apple.product-type.bundle.ui-testing";
		};
/* End PBXNativeTarget section */

/* Begin PBXProject section */
		FBADBE552DCE9215009EA124 /* Project object */ = {
			isa = PBXProject;
			attributes = {
				BuildIndependentTargetsInParallel = 1;
				KnownAssetTags = (
					CustomFonts,
				);
				LastSwiftUpdateCheck = 1630;
				LastUpgradeCheck = 1630;
				TargetAttributes = {
					FBADBE5C2DCE9215009EA124 = {
						CreatedOnToolsVersion = 16.3;
					};
					FBADBE692DCE9216009EA124 = {
						CreatedOnToolsVersion = 16.3;
						TestTargetID = FBADBE5C2DCE9215009EA124;
					};
					FBADBE732DCE9216009EA124 = {
						CreatedOnToolsVersion = 16.3;
						TestTargetID = FBADBE5C2DCE9215009EA124;
					};
				};
			};
			buildConfigurationList = FBADBE582DCE9215009EA124 /* Build configuration list for PBXProject "flareup" */;
			developmentRegion = en;
			hasScannedForEncodings = 0;
			knownRegions = (
				en,
				Base,
			);
			mainGroup = FBADBE542DCE9215009EA124;
			minimizedProjectReferenceProxies = 1;
			packageReferences = (
				FBCC618E2DEBAC40007CAB1B /* XCRemoteSwiftPackageReference "supabase-swift" */,
			);
			preferredProjectObjectVersion = 77;
			productRefGroup = FBADBE5E2DCE9215009EA124 /* Products */;
			projectDirPath = "";
			projectRoot = "";
			targets = (
				FBADBE5C2DCE9215009EA124 /* flareup */,
				FBADBE692DCE9216009EA124 /* flareupTests */,
				FBADBE732DCE9216009EA124 /* flareupUITests */,
			);
		};
/* End PBXProject section */

/* Begin PBXResourcesBuildPhase section */
		FBADBE5B2DCE9215009EA124 /* Resources */ = {
			isa = PBXResourcesBuildPhase;
			buildActionMask = 2147483647;
			files = (
			);
			runOnlyForDeploymentPostprocessing = 0;
		};
		FBADBE682DCE9216009EA124 /* Resources */ = {
			isa = PBXResourcesBuildPhase;
			buildActionMask = 2147483647;
			files = (
			);
			runOnlyForDeploymentPostprocessing = 0;
		};
		FBADBE722DCE9216009EA124 /* Resources */ = {
			isa = PBXResourcesBuildPhase;
			buildActionMask = 2147483647;
			files = (
			);
			runOnlyForDeploymentPostprocessing = 0;
		};
/* End PBXResourcesBuildPhase section */

/* Begin PBXSourcesBuildPhase section */
		FBADBE592DCE9215009EA124 /* Sources */ = {
			isa = PBXSourcesBuildPhase;
			buildActionMask = 2147483647;
			files = (
				FBF4EFF62DEBD5BC0099405C /* UploadScreentimeView.swift in Sources */,
			);
			runOnlyForDeploymentPostprocessing = 0;
		};
		FBADBE662DCE9216009EA124 /* Sources */ = {
			isa = PBXSourcesBuildPhase;
			buildActionMask = 2147483647;
			files = (
			);
			runOnlyForDeploymentPostprocessing = 0;
		};
		FBADBE702DCE9216009EA124 /* Sources */ = {
			isa = PBXSourcesBuildPhase;
			buildActionMask = 2147483647;
			files = (
			);
			runOnlyForDeploymentPostprocessing = 0;
		};
/* End PBXSourcesBuildPhase section */

/* Begin PBXTargetDependency section */
		FBADBE6C2DCE9216009EA124 /* PBXTargetDependency */ = {
			isa = PBXTargetDependency;
			target = FBADBE5C2DCE9215009EA124 /* flareup */;
			targetProxy = FBADBE6B2DCE9216009EA124 /* PBXContainerItemProxy */;
		};
		FBADBE762DCE9216009EA124 /* PBXTargetDependency */ = {
			isa = PBXTargetDependency;
			target = FBADBE5C2DCE9215009EA124 /* flareup */;
			targetProxy = FBADBE752DCE9216009EA124 /* PBXContainerItemProxy */;
		};
/* End PBXTargetDependency section */

/* Begin XCBuildConfiguration section */
		FBADBE7C2DCE9216009EA124 /* Debug */ = {
			isa = XCBuildConfiguration;
			buildSettings = {
				ALWAYS_SEARCH_USER_PATHS = NO;
				ASSETCATALOG_COMPILER_GENERATE_SWIFT_ASSET_SYMBOL_EXTENSIONS = YES;
				CLANG_ANALYZER_NONNULL = YES;
				CLANG_ANALYZER_NUMBER_OBJECT_CONVERSION = YES_AGGRESSIVE;
				CLANG_CXX_LANGUAGE_STANDARD = "gnu++20";
				CLANG_ENABLE_MODULES = YES;
				CLANG_ENABLE_OBJC_ARC = YES;
				CLANG_ENABLE_OBJC_WEAK = YES;
				CLANG_WARN_BLOCK_CAPTURE_AUTORELEASING = YES;
				CLANG_WARN_BOOL_CONVERSION = YES;
				CLANG_WARN_COMMA = YES;
				CLANG_WARN_CONSTANT_CONVERSION = YES;
				CLANG_WARN_DEPRECATED_OBJC_IMPLEMENTATIONS = YES;
				CLANG_WARN_DIRECT_OBJC_ISA_USAGE = YES_ERROR;
				CLANG_WARN_DOCUMENTATION_COMMENTS = YES;
				CLANG_WARN_EMPTY_BODY = YES;
				CLANG_WARN_ENUM_CONVERSION = YES;
				CLANG_WARN_INFINITE_RECURSION = YES;
				CLANG_WARN_INT_CONVERSION = YES;
				CLANG_WARN_NON_LITERAL_NULL_CONVERSION = YES;
				CLANG_WARN_OBJC_IMPLICIT_RETAIN_SELF = YES;
				CLANG_WARN_OBJC_LITERAL_CONVERSION = YES;
				CLANG_WARN_OBJC_ROOT_CLASS = YES_ERROR;
				CLANG_WARN_QUOTED_INCLUDE_IN_FRAMEWORK_HEADER = YES;
				CLANG_WARN_RANGE_LOOP_ANALYSIS = YES;
				CLANG_WARN_STRICT_PROTOTYPES = YES;
				CLANG_WARN_SUSPICIOUS_MOVE = YES;
				CLANG_WARN_UNGUARDED_AVAILABILITY = YES_AGGRESSIVE;
				CLANG_WARN_UNREACHABLE_CODE = YES;
				CLANG_WARN__DUPLICATE_METHOD_MATCH = YES;
				COPY_PHASE_STRIP = NO;
				DEBUG_INFORMATION_FORMAT = dwarf;
				ENABLE_STRICT_OBJC_MSGSEND = YES;
				ENABLE_TESTABILITY = YES;
				ENABLE_USER_SCRIPT_SANDBOXING = YES;
				GCC_C_LANGUAGE_STANDARD = gnu17;
				GCC_DYNAMIC_NO_PIC = NO;
				GCC_NO_COMMON_BLOCKS = YES;
				GCC_OPTIMIZATION_LEVEL = 0;
				GCC_PREPROCESSOR_DEFINITIONS = (
					"DEBUG=1",
					"$(inherited)",
				);
				GCC_WARN_64_TO_32_BIT_CONVERSION = YES;
				GCC_WARN_ABOUT_RETURN_TYPE = YES_ERROR;
				GCC_WARN_UNDECLARED_SELECTOR = YES;
				GCC_WARN_UNINITIALIZED_AUTOS = YES_AGGRESSIVE;
				GCC_WARN_UNUSED_FUNCTION = YES;
				GCC_WARN_UNUSED_VARIABLE = YES;
				IPHONEOS_DEPLOYMENT_TARGET = 18.4;
				LOCALIZATION_PREFERS_STRING_CATALOGS = YES;
				MTL_ENABLE_DEBUG_INFO = INCLUDE_SOURCE;
				MTL_FAST_MATH = YES;
				ONLY_ACTIVE_ARCH = YES;
				SDKROOT = iphoneos;
				SWIFT_ACTIVE_COMPILATION_CONDITIONS = "DEBUG $(inherited)";
				SWIFT_OPTIMIZATION_LEVEL = "-Onone";
			};
			name = Debug;
		};
		FBADBE7D2DCE9216009EA124 /* Release */ = {
			isa = XCBuildConfiguration;
			buildSettings = {
				ALWAYS_SEARCH_USER_PATHS = NO;
				ASSETCATALOG_COMPILER_GENERATE_SWIFT_ASSET_SYMBOL_EXTENSIONS = YES;
				CLANG_ANALYZER_NONNULL = YES;
				CLANG_ANALYZER_NUMBER_OBJECT_CONVERSION = YES_AGGRESSIVE;
				CLANG_CXX_LANGUAGE_STANDARD = "gnu++20";
				CLANG_ENABLE_MODULES = YES;
				CLANG_ENABLE_OBJC_ARC = YES;
				CLANG_ENABLE_OBJC_WEAK = YES;
				CLANG_WARN_BLOCK_CAPTURE_AUTORELEASING = YES;
				CLANG_WARN_BOOL_CONVERSION = YES;
				CLANG_WARN_COMMA = YES;
				CLANG_WARN_CONSTANT_CONVERSION = YES;
				CLANG_WARN_DEPRECATED_OBJC_IMPLEMENTATIONS = YES;
				CLANG_WARN_DIRECT_OBJC_ISA_USAGE = YES_ERROR;
				CLANG_WARN_DOCUMENTATION_COMMENTS = YES;
				CLANG_WARN_EMPTY_BODY = YES;
				CLANG_WARN_ENUM_CONVERSION = YES;
				CLANG_WARN_INFINITE_RECURSION = YES;
				CLANG_WARN_INT_CONVERSION = YES;
				CLANG_WARN_NON_LITERAL_NULL_CONVERSION = YES;
				CLANG_WARN_OBJC_IMPLICIT_RETAIN_SELF = YES;
				CLANG_WARN_OBJC_LITERAL_CONVERSION = YES;
				CLANG_WARN_OBJC_ROOT_CLASS = YES_ERROR;
				CLANG_WARN_QUOTED_INCLUDE_IN_FRAMEWORK_HEADER = YES;
				CLANG_WARN_RANGE_LOOP_ANALYSIS = YES;
				CLANG_WARN_STRICT_PROTOTYPES = YES;
				CLANG_WARN_SUSPICIOUS_MOVE = YES;
				CLANG_WARN_UNGUARDED_AVAILABILITY = YES_AGGRESSIVE;
				CLANG_WARN_UNREACHABLE_CODE = YES;
				CLANG_WARN__DUPLICATE_METHOD_MATCH = YES;
				COPY_PHASE_STRIP = NO;
				DEBUG_INFORMATION_FORMAT = "dwarf-with-dsym";
				ENABLE_NS_ASSERTIONS = NO;
				ENABLE_STRICT_OBJC_MSGSEND = YES;
				ENABLE_USER_SCRIPT_SANDBOXING = YES;
				GCC_C_LANGUAGE_STANDARD = gnu17;
				GCC_NO_COMMON_BLOCKS = YES;
				GCC_WARN_64_TO_32_BIT_CONVERSION = YES;
				GCC_WARN_ABOUT_RETURN_TYPE = YES_ERROR;
				GCC_WARN_UNDECLARED_SELECTOR = YES;
				GCC_WARN_UNINITIALIZED_AUTOS = YES_AGGRESSIVE;
				GCC_WARN_UNUSED_FUNCTION = YES;
				GCC_WARN_UNUSED_VARIABLE = YES;
				IPHONEOS_DEPLOYMENT_TARGET = 18.4;
				LOCALIZATION_PREFERS_STRING_CATALOGS = YES;
				MTL_ENABLE_DEBUG_INFO = NO;
				MTL_FAST_MATH = YES;
				SDKROOT = iphoneos;
				SWIFT_COMPILATION_MODE = wholemodule;
				VALIDATE_PRODUCT = YES;
			};
			name = Release;
		};
		FBADBE7F2DCE9216009EA124 /* Debug */ = {
			isa = XCBuildConfiguration;
			buildSettings = {
				ASSETCATALOG_COMPILER_APPICON_NAME = AppIcon;
				ASSETCATALOG_COMPILER_GLOBAL_ACCENT_COLOR_NAME = AccentColor;
				CODE_SIGN_STYLE = Automatic;
				CURRENT_PROJECT_VERSION = 1;
				DEVELOPMENT_ASSET_PATHS = flareup/Assets.xcassets;
				DEVELOPMENT_TEAM = NZK5998GV8;
				ENABLE_PREVIEWS = YES;
				GENERATE_INFOPLIST_FILE = YES;
				INFOPLIST_FILE = flareup/Info.plist;
				INFOPLIST_KEY_NSPhotoLibraryUsageDescription = "This app needs access to your photo library to scan screen time screenshots.";
				INFOPLIST_KEY_UIApplicationSceneManifest_Generation = YES;
				INFOPLIST_KEY_UIApplicationSupportsIndirectInputEvents = YES;
				INFOPLIST_KEY_UILaunchScreen_Generation = YES;
				INFOPLIST_KEY_UISupportedInterfaceOrientations_iPad = "UIInterfaceOrientationPortrait UIInterfaceOrientationPortraitUpsideDown UIInterfaceOrientationLandscapeLeft UIInterfaceOrientationLandscapeRight";
				INFOPLIST_KEY_UISupportedInterfaceOrientations_iPhone = "UIInterfaceOrientationPortrait UIInterfaceOrientationLandscapeLeft UIInterfaceOrientationLandscapeRight";
				IPHONEOS_DEPLOYMENT_TARGET = 18.2;
				LD_RUNPATH_SEARCH_PATHS = (
					"$(inherited)",
					"@executable_path/Frameworks",
				);
				MARKETING_VERSION = 1.0;
				PRODUCT_BUNDLE_IDENTIFIER = com.abril2.flareup;
				PRODUCT_NAME = "$(TARGET_NAME)";
				SWIFT_EMIT_LOC_STRINGS = YES;
				SWIFT_VERSION = 5.0;
				TARGETED_DEVICE_FAMILY = "1,2";
			};
			name = Debug;
		};
		FBADBE802DCE9216009EA124 /* Release */ = {
			isa = XCBuildConfiguration;
			buildSettings = {
				ASSETCATALOG_COMPILER_APPICON_NAME = AppIcon;
				ASSETCATALOG_COMPILER_GLOBAL_ACCENT_COLOR_NAME = AccentColor;
				CODE_SIGN_STYLE = Automatic;
				CURRENT_PROJECT_VERSION = 1;
				DEVELOPMENT_ASSET_PATHS = flareup/Assets.xcassets;
				DEVELOPMENT_TEAM = NZK5998GV8;
				ENABLE_PREVIEWS = YES;
				GENERATE_INFOPLIST_FILE = YES;
				INFOPLIST_FILE = flareup/Info.plist;
				INFOPLIST_KEY_NSPhotoLibraryUsageDescription = "This app needs access to your photo library to scan screen time screenshots.";
				INFOPLIST_KEY_UIApplicationSceneManifest_Generation = YES;
				INFOPLIST_KEY_UIApplicationSupportsIndirectInputEvents = YES;
				INFOPLIST_KEY_UILaunchScreen_Generation = YES;
				INFOPLIST_KEY_UISupportedInterfaceOrientations_iPad = "UIInterfaceOrientationPortrait UIInterfaceOrientationPortraitUpsideDown UIInterfaceOrientationLandscapeLeft UIInterfaceOrientationLandscapeRight";
				INFOPLIST_KEY_UISupportedInterfaceOrientations_iPhone = "UIInterfaceOrientationPortrait UIInterfaceOrientationLandscapeLeft UIInterfaceOrientationLandscapeRight";
				IPHONEOS_DEPLOYMENT_TARGET = 18.2;
				LD_RUNPATH_SEARCH_PATHS = (
					"$(inherited)",
					"@executable_path/Frameworks",
				);
				MARKETING_VERSION = 1.0;
				PRODUCT_BUNDLE_IDENTIFIER = com.abril2.flareup;
				PRODUCT_NAME = "$(TARGET_NAME)";
				SWIFT_EMIT_LOC_STRINGS = YES;
				SWIFT_VERSION = 5.0;
				TARGETED_DEVICE_FAMILY = "1,2";
			};
			name = Release;
		};
		FBADBE822DCE9216009EA124 /* Debug */ = {
			isa = XCBuildConfiguration;
			buildSettings = {
				BUNDLE_LOADER = "$(TEST_HOST)";
				CODE_SIGN_STYLE = Automatic;
				CURRENT_PROJECT_VERSION = 1;
				GENERATE_INFOPLIST_FILE = YES;
				IPHONEOS_DEPLOYMENT_TARGET = 18.4;
				MARKETING_VERSION = 1.0;
				PRODUCT_BUNDLE_IDENTIFIER = richelle.flareupTests;
				PRODUCT_NAME = "$(TARGET_NAME)";
				SWIFT_EMIT_LOC_STRINGS = NO;
				SWIFT_VERSION = 5.0;
				TARGETED_DEVICE_FAMILY = "1,2";
				TEST_HOST = "$(BUILT_PRODUCTS_DIR)/flareup.app/$(BUNDLE_EXECUTABLE_FOLDER_PATH)/flareup";
			};
			name = Debug;
		};
		FBADBE832DCE9216009EA124 /* Release */ = {
			isa = XCBuildConfiguration;
			buildSettings = {
				BUNDLE_LOADER = "$(TEST_HOST)";
				CODE_SIGN_STYLE = Automatic;
				CURRENT_PROJECT_VERSION = 1;
				GENERATE_INFOPLIST_FILE = YES;
				IPHONEOS_DEPLOYMENT_TARGET = 18.4;
				MARKETING_VERSION = 1.0;
				PRODUCT_BUNDLE_IDENTIFIER = richelle.flareupTests;
				PRODUCT_NAME = "$(TARGET_NAME)";
				SWIFT_EMIT_LOC_STRINGS = NO;
				SWIFT_VERSION = 5.0;
				TARGETED_DEVICE_FAMILY = "1,2";
				TEST_HOST = "$(BUILT_PRODUCTS_DIR)/flareup.app/$(BUNDLE_EXECUTABLE_FOLDER_PATH)/flareup";
			};
			name = Release;
		};
		FBADBE852DCE9216009EA124 /* Debug */ = {
			isa = XCBuildConfiguration;
			buildSettings = {
				CODE_SIGN_STYLE = Automatic;
				CURRENT_PROJECT_VERSION = 1;
				GENERATE_INFOPLIST_FILE = YES;
				MARKETING_VERSION = 1.0;
				PRODUCT_BUNDLE_IDENTIFIER = richelle.flareupUITests;
				PRODUCT_NAME = "$(TARGET_NAME)";
				SWIFT_EMIT_LOC_STRINGS = NO;
				SWIFT_VERSION = 5.0;
				TARGETED_DEVICE_FAMILY = "1,2";
				TEST_TARGET_NAME = flareup;
			};
			name = Debug;
		};
		FBADBE862DCE9216009EA124 /* Release */ = {
			isa = XCBuildConfiguration;
			buildSettings = {
				CODE_SIGN_STYLE = Automatic;
				CURRENT_PROJECT_VERSION = 1;
				GENERATE_INFOPLIST_FILE = YES;
				MARKETING_VERSION = 1.0;
				PRODUCT_BUNDLE_IDENTIFIER = richelle.flareupUITests;
				PRODUCT_NAME = "$(TARGET_NAME)";
				SWIFT_EMIT_LOC_STRINGS = NO;
				SWIFT_VERSION = 5.0;
				TARGETED_DEVICE_FAMILY = "1,2";
				TEST_TARGET_NAME = flareup;
			};
			name = Release;
		};
/* End XCBuildConfiguration section */

/* Begin XCConfigurationList section */
		FBADBE582DCE9215009EA124 /* Build configuration list for PBXProject "flareup" */ = {
			isa = XCConfigurationList;
			buildConfigurations = (
				FBADBE7C2DCE9216009EA124 /* Debug */,
				FBADBE7D2DCE9216009EA124 /* Release */,
			);
			defaultConfigurationIsVisible = 0;
			defaultConfigurationName = Release;
		};
		FBADBE7E2DCE9216009EA124 /* Build configuration list for PBXNativeTarget "flareup" */ = {
			isa = XCConfigurationList;
			buildConfigurations = (
				FBADBE7F2DCE9216009EA124 /* Debug */,
				FBADBE802DCE9216009EA124 /* Release */,
			);
			defaultConfigurationIsVisible = 0;
			defaultConfigurationName = Release;
		};
		FBADBE812DCE9216009EA124 /* Build configuration list for PBXNativeTarget "flareupTests" */ = {
			isa = XCConfigurationList;
			buildConfigurations = (
				FBADBE822DCE9216009EA124 /* Debug */,
				FBADBE832DCE9216009EA124 /* Release */,
			);
			defaultConfigurationIsVisible = 0;
			defaultConfigurationName = Release;
		};
		FBADBE842DCE9216009EA124 /* Build configuration list for PBXNativeTarget "flareupUITests" */ = {
			isa = XCConfigurationList;
			buildConfigurations = (
				FBADBE852DCE9216009EA124 /* Debug */,
				FBADBE862DCE9216009EA124 /* Release */,
			);
			defaultConfigurationIsVisible = 0;
			defaultConfigurationName = Release;
		};
/* End XCConfigurationList section */

/* Begin XCRemoteSwiftPackageReference section */
		FBCC618E2DEBAC40007CAB1B /* XCRemoteSwiftPackageReference "supabase-swift" */ = {
			isa = XCRemoteSwiftPackageReference;
			repositoryURL = "https://github.com/supabase-community/supabase-swift";
			requirement = {
				kind = upToNextMajorVersion;
				minimumVersion = 2.5.1;
			};
		};
/* End XCRemoteSwiftPackageReference section */

/* Begin XCSwiftPackageProductDependency section */
		FBCC618F2DEBAC40007CAB1B /* Auth */ = {
			isa = XCSwiftPackageProductDependency;
			package = FBCC618E2DEBAC40007CAB1B /* XCRemoteSwiftPackageReference "supabase-swift" */;
			productName = Auth;
		};
		FBCC61912DEBAC40007CAB1B /* Functions */ = {
			isa = XCSwiftPackageProductDependency;
			package = FBCC618E2DEBAC40007CAB1B /* XCRemoteSwiftPackageReference "supabase-swift" */;
			productName = Functions;
		};
		FBCC61932DEBAC40007CAB1B /* PostgREST */ = {
			isa = XCSwiftPackageProductDependency;
			package = FBCC618E2DEBAC40007CAB1B /* XCRemoteSwiftPackageReference "supabase-swift" */;
			productName = PostgREST;
		};
		FBCC61952DEBAC40007CAB1B /* Realtime */ = {
			isa = XCSwiftPackageProductDependency;
			package = FBCC618E2DEBAC40007CAB1B /* XCRemoteSwiftPackageReference "supabase-swift" */;
			productName = Realtime;
		};
		FBCC61972DEBAC40007CAB1B /* Storage */ = {
			isa = XCSwiftPackageProductDependency;
			package = FBCC618E2DEBAC40007CAB1B /* XCRemoteSwiftPackageReference "supabase-swift" */;
			productName = Storage;
		};
		FBCC61992DEBAC40007CAB1B /* Supabase */ = {
			isa = XCSwiftPackageProductDependency;
			package = FBCC618E2DEBAC40007CAB1B /* XCRemoteSwiftPackageReference "supabase-swift" */;
			productName = Supabase;
		};
/* End XCSwiftPackageProductDependency section */
	};
	rootObject = FBADBE552DCE9215009EA124 /* Project object */;
}
